{
  "version": 4,
  "terraform_version": "1.16.1",
  "serial": 119,
  "lineage": "20068499-0df9-87b6-5cd0-6ceb086a3437",
  "outputs": {
    "information": {
      "value": [
        "vpc-08c7a2ef5ade8f154",
        [
          "sg-07eaf31d48d4e2e15"
        ]
      ],
      "type": [
        "tuple",
        [
          "string",
          [
            "list",
            "string"
          ]
        ]
      ]
    }
  },
  "resources": [
    {
      "mode": "data",
      "type": "aws_ami",
      "name": "al2023",
      "provider": "provider[\"registry.terraform.io/hashicorp/aws\"]",
      "instances": [
        {
          "schema_version": 0,
          "attributes": {
            "allow_unsafe_filter": null,
            "architecture": "x86_64",
            "arn": "arn:aws:ec2:ap-south-1::image/ami-066c4849e6b3a1e3d",
            "block_device_mappings": [
              {
                "device_name": "/dev/xvda",
                "ebs": {
                  "delete_on_termination": "true",
                  "encrypted": "false",
                  "iops": "3000",
                  "snapshot_id": "snap-003402e1dadb01c43",
                  "throughput": "125",
                  "volume_initialization_rate": "0",
                  "volume_size": "8",
                  "volume_type": "gp3"
                },
                "no_device": "",
                "virtual_name": ""
              }
            ],
            "boot_mode": "uefi-preferred",
            "creation_date": "2026-09-18T04:42:48.000Z",
            "deprecation_time": "2026-12-17T04:44:00.000Z",
            "description": "Amazon Linux 2023 AMI 2023.12.20260918.0 x86_64 HVM kernel-6.18",
            "ena_support": true,
            "executable_users": null,
            "filter": [
              {
                "name": "name",
                "values": [
                  "al2023-ami-2023.*-x86_64"
                ]
              }
            ],
            "hypervisor": "xen",
            "id": "ami-066c4849e6b3a1e3d",
            "image_id": "ami-066c4849e6b3a1e3d",
            "image_location": "amazon/al2023-ami-2023.12.20260918.0-kernel-6.18-x86_64",
            "image_owner_alias": "amazon",
            "image_type": "machine",
            "imds_support": "v2.0",
            "include_deprecated": false,
            "kernel_id": "",
            "last_launched_time": "",
            "most_recent": true,
            "name": "al2023-ami-2023.12.20260918.0-kernel-6.18-x86_64",
            "name_regex": null,
            "owner_id": "137112412989",
            "owners": [
              "amazon"
            ],
            "platform": "",
            "platform_details": "Linux/UNIX",
            "product_codes": [],
            "public": true,
            "ramdisk_id": "",
            "region": "ap-south-1",
            "root_device_name": "/dev/xvda",
            "root_device_type": "ebs",
            "root_snapshot_id": "snap-003402e1dadb01c43",
            "sriov_net_support": "simple",
            "state": "available",
            "state_reason": {
              "code": "UNSET",
              "message": "UNSET"
            },
            "tags": {},
            "timeouts": null,
            "tpm_support": "",
            "uefi_data": null,
            "usage_operation": "RunInstances",
            "virtualization_type": "hvm"
          },
          "sensitive_attributes": [],
          "identity_schema_version": 0
        }
      ]
    },
    {
      "mode": "data",
      "type": "aws_security_groups",
      "name": "secruity_groups",
      "provider": "provider[\"registry.terraform.io/hashicorp/aws\"]",
      "instances": [
        {
          "schema_version": 0,
          "attributes": {
            "arns": [
              "arn:aws:ec2:ap-south-1:925047940866:security-group/sg-07eaf31d48d4e2e15"
            ],
            "filter": [
              {
                "name": "tag:Name",
                "values": [
                  "ian-ex-external-alb-sg",
                  "ian-ex-ssh-sg"
                ]
              }
            ],
            "id": "ap-south-1",
            "ids": [
              "sg-07eaf31d48d4e2e15"
            ],
            "region": "ap-south-1",
            "tags": null,
            "timeouts": null,
            "vpc_ids": [
              "vpc-08c7a2ef5ade8f154"
            ]
          },
          "sensitive_attributes": [],
          "identity_schema_version": 0
        }
      ]
    },
    {
      "mode": "data",
      "type": "aws_subnets",
      "name": "target_subnets",
      "provider": "provider[\"registry.terraform.io/hashicorp/aws\"]",
      "instances": [
        {
          "schema_version": 0,
          "attributes": {
            "filter": [
              {
                "name": "tag:Type",
                "values": [
                  "private"
                ]
              },
              {
                "name": "vpc-id",
                "values": [
                  "vpc-08c7a2ef5ade8f154"
                ]
              }
            ],
            "id": "ap-south-1",
            "ids": [
              "subnet-0ae532a032448c324",
              "subnet-0fb579f4b635bb733",
              "subnet-042f3ccb57752f697"
            ],
            "region": "ap-south-1",
            "tags": null,
            "timeouts": null
          },
          "sensitive_attributes": [],
          "identity_schema_version": 0
        }
      ]
    },
    {
      "mode": "data",
      "type": "aws_vpc",
      "name": "vpc",
      "provider": "provider[\"registry.terraform.io/hashicorp/aws\"]",
      "instances": [
        {
          "schema_version": 0,
          "attributes": {
            "arn": "arn:aws:ec2:ap-south-1:925047940866:vpc/vpc-08c7a2ef5ade8f154",
            "cidr_block": "10.0.0.0/16",
            "cidr_block_associations": [
              {
                "association_id": "vpc-cidr-assoc-06c2253861717e436",
                "cidr_block": "10.0.0.0/16",
                "state": "associated"
              }
            ],
            "default": false,
            "dhcp_options_id": "dopt-02e0587c9fcd7b8a7",
            "enable_dns_hostnames": true,
            "enable_dns_support": true,
            "enable_network_address_usage_metrics": false,
            "filter": [
              {
                "name": "tag:Name",
                "values": [
                  "ian-ex-vpc"
                ]
              }
            ],
            "id": "vpc-08c7a2ef5ade8f154",
            "instance_tenancy": "default",
            "ipv6_association_id": "",
            "ipv6_cidr_block": "",
            "ipv6_cidr_block_associations": [],
            "main_route_table_id": "rtb-09262908b531b446b",
            "owner_id": "925047940866",
            "region": "ap-south-1",
            "state": null,
            "tags": {
              "Course": "BIPA17",
              "Domain": "hands-on.kr",
              "Environment": "ex",
              "ManageBy": "Terraform",
              "Name": "ian-ex-vpc",
              "Owner": "bipa17-instructor",
              "Project": "bipa17-Solution-Architect"
            },
            "timeouts": null
          },
          "sensitive_attributes": [],
          "identity_schema_version": 0
        }
      ]
    },
    {
      "mode": "managed",
      "type": "aws_autoscaling_group",
      "name": "asg",
      "provider": "provider[\"registry.terraform.io/hashicorp/aws\"]",
      "instances": [
        {
          "schema_version": 1,
          "attributes": {
            "arn": "arn:aws:autoscaling:ap-south-1:925047940866:autoScalingGroup:1e713d3e-bf10-4332-87d4-3f90544a1bdf:autoScalingGroupName/ian-ex-codedeploy-asg",
            "availability_zone_distribution": [
              {
                "capacity_distribution_strategy": "balanced-best-effort"
              }
            ],
            "availability_zones": [
              "ap-south-1a",
              "ap-south-1b",
              "ap-south-1c"
            ],
            "capacity_rebalance": false,
            "capacity_reservation_specification": [
              {
                "capacity_reservation_preference": "default",
                "capacity_reservation_target": []
              }
            ],
            "context": "",
            "default_cooldown": 300,
            "default_instance_warmup": 0,
            "desired_capacity": 2,
            "desired_capacity_type": "",
            "enabled_metrics": null,
            "force_delete": false,
            "force_delete_warm_pool": false,
            "health_check_grace_period": 300,
            "health_check_type": "EC2",
            "id": "ian-ex-codedeploy-asg",
            "ignore_failed_scaling_activities": false,
            "initial_lifecycle_hook": [],
            "instance_lifecycle_policy": [
              {
                "retention_triggers": [
                  {
                    "terminate_hook_abandon": "terminate"
                  }
                ]
              }
            ],
            "instance_maintenance_policy": [],
            "instance_refresh": [],
            "launch_configuration": "",
            "launch_template": [
              {
                "id": "lt-02d1528897b0c7a1e",
                "name": "ian-ex--72df331634b0438ddf6206ef19",
                "version": "$Latest"
              }
            ],
            "load_balancers": [],
            "max_instance_lifetime": 0,
            "max_size": 3,
            "metrics_granularity": "1Minute",
            "min_elb_capacity": null,
            "min_size": 1,
            "mixed_instances_policy": [],
            "name": "ian-ex-codedeploy-asg",
            "name_prefix": "",
            "placement_group": "",
            "predicted_capacity": 0,
            "protect_from_scale_in": false,
            "region": "ap-south-1",
            "service_linked_role_arn": "arn:aws:iam::925047940866:role/aws-service-role/autoscaling.amazonaws.com/AWSServiceRoleForAutoScaling",
            "suspended_processes": null,
            "tag": [],
            "target_group_arns": [],
            "termination_policies": null,
            "timeouts": null,
            "traffic_source": [],
            "vpc_zone_identifier": [
              "subnet-042f3ccb57752f697",
              "subnet-0ae532a032448c324",
              "subnet-0fb579f4b635bb733"
            ],
            "wait_for_capacity_timeout": "10m",
            "wait_for_elb_capacity": null,
            "warm_pool": [],
            "warm_pool_size": 0
          },
          "sensitive_attributes": [],
          "identity_schema_version": 0,
          "identity": {
            "account_id": "925047940866",
            "name": "ian-ex-codedeploy-asg",
            "region": "ap-south-1"
          },
          "private": "eyJlMmJmYjczMC1lY2FhLTExZTYtOGY4OC0zNDM2M2JjN2M0YzAiOnsiZGVsZXRlIjo2MDAwMDAwMDAwMDAsInVwZGF0ZSI6NjAwMDAwMDAwMDAwfSwic2NoZW1hX3ZlcnNpb24iOiIxIn0=",
          "dependencies": [
            "aws_iam_instance_profile.node_profile_asg",
            "aws_iam_role.node_role_asg",
            "aws_launch_template.asg_lt",
            "data.aws_ami.al2023",
            "data.aws_security_groups.secruity_groups",
            "data.aws_subnets.target_subnets",
            "data.aws_vpc.vpc"
          ]
        }
      ]
    },
    {
      "mode": "managed",
      "type": "aws_codedeploy_app",
      "name": "app",
      "provider": "provider[\"registry.terraform.io/hashicorp/aws\"]",
      "instances": [
        {
          "schema_version": 0,
          "attributes": {
            "application_id": "060d8142-d66d-4325-83df-80935c263826",
            "arn": "arn:aws:codedeploy:ap-south-1:925047940866:application:ian-ex-asg-codedeploy-app",
            "compute_platform": "Server",
            "github_account_name": "",
            "id": "060d8142-d66d-4325-83df-80935c263826:ian-ex-asg-codedeploy-app",
            "linked_to_github": false,
            "name": "ian-ex-asg-codedeploy-app",
            "region": "ap-south-1",
            "tags": null,
            "tags_all": {}
          },
          "sensitive_attributes": [],
          "identity_schema_version": 0,
          "private": "bnVsbA=="
        }
      ]
    },
    {
      "mode": "managed",
      "type": "aws_codedeploy_deployment_group",
      "name": "dg",
      "provider": "provider[\"registry.terraform.io/hashicorp/aws\"]",
      "instances": [
        {
          "schema_version": 0,
          "attributes": {
            "alarm_configuration": [],
            "app_name": "ian-ex-asg-codedeploy-app",
            "arn": "arn:aws:codedeploy:ap-south-1:925047940866:deploymentgroup:ian-ex-asg-codedeploy-app/ian-ex-asg-deployment-group",
            "auto_rollback_configuration": [],
            "autoscaling_groups": [
              "ian-ex-codedeploy-asg"
            ],
            "blue_green_deployment_config": [],
            "compute_platform": "Server",
            "deployment_config_name": "CodeDeployDefault.AllAtOnce",
            "deployment_group_id": "372d4baf-b5a2-49de-be0b-e7b6e5642eb7",
            "deployment_group_name": "ian-ex-asg-deployment-group",
            "deployment_style": [
              {
                "deployment_option": "WITHOUT_TRAFFIC_CONTROL",
                "deployment_type": "IN_PLACE"
              }
            ],
            "ec2_tag_filter": [],
            "ec2_tag_set": [],
            "ecs_service": [],
            "id": "372d4baf-b5a2-49de-be0b-e7b6e5642eb7",
            "load_balancer_info": [],
            "on_premises_instance_tag_filter": [],
            "outdated_instances_strategy": "UPDATE",
            "region": "ap-south-1",
            "service_role_arn": "arn:aws:iam::925047940866:role/ian-ex-AmazonCodeDeployService-Role",
            "tags": null,
            "tags_all": {},
            "termination_hook_enabled": false,
            "trigger_configuration": []
          },
          "sensitive_attributes": [],
          "identity_schema_version": 0,
          "private": "bnVsbA==",
          "dependencies": [
            "aws_autoscaling_group.asg",
            "aws_codedeploy_app.app",
            "aws_iam_instance_profile.node_profile_asg",
            "aws_iam_role.codedeploy_role",
            "aws_iam_role.node_role_asg",
            "aws_launch_template.asg_lt",
            "data.aws_ami.al2023",
            "data.aws_security_groups.secruity_groups",
            "data.aws_subnets.target_subnets",
            "data.aws_vpc.vpc"
          ]
        }
      ]
    },
    {
      "mode": "managed",
      "type": "aws_codepipeline",
      "name": "codepipeline",
      "provider": "provider[\"registry.terraform.io/hashicorp/aws\"]",
      "instances": [
        {
          "schema_version": 0,
          "attributes": {
            "arn": "arn:aws:codepipeline:ap-south-1:925047940866:ian-ex-asg-cicd-pipeline",
            "artifact_store": [
              {
                "encryption_key": [],
                "location": "ian-ex-pipeline-bucket-f7eb96b4",
                "region": "",
                "type": "S3"
              }
            ],
            "execution_mode": "SUPERSEDED",
            "id": "ian-ex-asg-cicd-pipeline",
            "name": "ian-ex-asg-cicd-pipeline",
            "pipeline_type": "V1",
            "region": "ap-south-1",
            "role_arn": "arn:aws:iam::925047940866:role/ian-ex-AmazonCodePipelineService-Role",
            "stage": [
              {
                "action": [
                  {
                    "category": "Source",
                    "commands": null,
                    "configuration": {
                      "BranchName": "main",
                      "ConnectionArn": "arn:aws:codestar-connections:ap-south-1:925047940866:connection/f718d08e-8150-4875-acb5-78105342cf5a",
                      "FullRepositoryId": "csjin21c/ex-aws-codepipeline"
                    },
                    "input_artifacts": null,
                    "name": "Source",
                    "namespace": "",
                    "output_artifacts": [
                      "source_output"
                    ],
                    "output_artifacts_for_compute_action": [],
                    "output_variables": null,
                    "owner": "AWS",
                    "provider": "CodeStarSourceConnection",
                    "region": "",
                    "role_arn": "",
                    "run_order": 1,
                    "timeout_in_minutes": 0,
                    "version": "1"
                  }
                ],
                "before_entry": [],
                "name": "Source",
                "on_failure": [],
                "on_success": []
              },
              {
                "action": [
                  {
                    "category": "Deploy",
                    "commands": null,
                    "configuration": {
                      "ApplicationName": "ian-ex-asg-codedeploy-app",
                      "DeploymentGroupName": "ian-ex-asg-deployment-group"
                    },
                    "input_artifacts": [
                      "source_output"
                    ],
                    "name": "Deploy",
                    "namespace": "",
                    "output_artifacts": null,
                    "output_artifacts_for_compute_action": [],
                    "output_variables": null,
                    "owner": "AWS",
                    "provider": "CodeDeploy",
                    "region": "",
                    "role_arn": "",
                    "run_order": 1,
                    "timeout_in_minutes": 0,
                    "version": "1"
                  }
                ],
                "before_entry": [],
                "name": "Deploy",
                "on_failure": [],
                "on_success": []
              }
            ],
            "tags": null,
            "tags_all": {},
            "trigger": [],
            "trigger_all": [],
            "variable": []
          },
          "sensitive_attributes": [],
          "identity_schema_version": 0,
          "identity": {
            "account_id": "925047940866",
            "name": "ian-ex-asg-cicd-pipeline",
            "region": "ap-south-1"
          },
          "private": "bnVsbA==",
          "dependencies": [
            "aws_autoscaling_group.asg",
            "aws_codedeploy_app.app",
            "aws_codedeploy_deployment_group.dg",
            "aws_codestarconnections_connection.github",
            "aws_iam_instance_profile.node_profile_asg",
            "aws_iam_role.codedeploy_role",
            "aws_iam_role.codepipeline_role",
            "aws_iam_role.node_role_asg",
            "aws_launch_template.asg_lt",
            "aws_s3_bucket.pipeline_bucket",
            "data.aws_ami.al2023",
            "data.aws_security_groups.secruity_groups",
            "data.aws_subnets.target_subnets",
            "data.aws_vpc.vpc",
            "random_id.bucket_suffic"
          ]
        }
      ]
    },
    {
      "mode": "managed",
      "type": "aws_codestarconnections_connection",
      "name": "github",
      "provider": "provider[\"registry.terraform.io/hashicorp/aws\"]",
      "instances": [
        {
          "schema_version": 0,
          "attributes": {
            "arn": "arn:aws:codestar-connections:ap-south-1:925047940866:connection/f718d08e-8150-4875-acb5-78105342cf5a",
            "connection_status": "PENDING",
            "host_arn": "",
            "id": "arn:aws:codestar-connections:ap-south-1:925047940866:connection/f718d08e-8150-4875-acb5-78105342cf5a",
            "name": "ian-ex-github-connection",
            "provider_type": "GitHub",
            "region": "ap-south-1",
            "tags": null,
            "tags_all": {}
          },
          "sensitive_attributes": [],
          "identity_schema_version": 0,
          "identity": {
            "arn": "arn:aws:codestar-connections:ap-south-1:925047940866:connection/f718d08e-8150-4875-acb5-78105342cf5a"
          },
          "private": "bnVsbA=="
        }
      ]
    },
    {
      "mode": "managed",
      "type": "aws_iam_instance_profile",
      "name": "node_profile_asg",
      "provider": "provider[\"registry.terraform.io/hashicorp/aws\"]",
      "instances": [
        {
          "schema_version": 0,
          "attributes": {
            "arn": "arn:aws:iam::925047940866:instance-profile/ian-ex-ASGNodeInstance-profile",
            "create_date": "2026-09-22T00:07:59Z",
            "id": "ian-ex-ASGNodeInstance-profile",
            "name": "ian-ex-ASGNodeInstance-profile",
            "name_prefix": "",
            "path": "/",
            "role": "ian-ex-AmazonASGNodeEC2-Role",
            "tags": null,
            "tags_all": {},
            "unique_id": "AIPA5OYJHM4BA4AEMMRSE"
          },
          "sensitive_attributes": [],
          "identity_schema_version": 0,
          "identity": {
            "account_id": "925047940866",
            "name": "ian-ex-ASGNodeInstance-profile"
          },
          "private": "bnVsbA==",
          "dependencies": [
            "aws_iam_role.node_role_asg"
          ]
        }
      ]
    },
    {
      "mode": "managed",
      "type": "aws_iam_role",
      "name": "codedeploy_role",
      "provider": "provider[\"registry.terraform.io/hashicorp/aws\"]",
      "instances": [
        {
          "schema_version": 0,
          "attributes": {
            "arn": "arn:aws:iam::925047940866:role/ian-ex-AmazonCodeDeployService-Role",
            "assume_role_policy": "{\"Statement\":[{\"Action\":\"sts:AssumeRole\",\"Effect\":\"Allow\",\"Principal\":{\"Service\":\"codedeploy.amazonaws.com\"}}],\"Version\":\"2012-10-17\"}",
            "create_date": "2026-09-22T00:07:58Z",
            "description": "",
            "force_detach_policies": false,
            "id": "ian-ex-AmazonCodeDeployService-Role",
            "inline_policy": [],
            "managed_policy_arns": [],
            "max_session_duration": 3600,
            "name": "ian-ex-AmazonCodeDeployService-Role",
            "name_prefix": "",
            "path": "/",
            "permissions_boundary": "",
            "tags": null,
            "tags_all": {},
            "unique_id": "AROA5OYJHM4BMOPX3JU43"
          },
          "sensitive_attributes": [],
          "identity_schema_version": 0,
          "identity": {
            "account_id": "925047940866",
            "name": "ian-ex-AmazonCodeDeployService-Role"
          },
          "private": "bnVsbA=="
        }
      ]
    },
    {
      "mode": "managed",
      "type": "aws_iam_role",
      "name": "codepipeline_role",
      "provider": "provider[\"registry.terraform.io/hashicorp/aws\"]",
      "instances": [
        {
          "schema_version": 0,
          "attributes": {
            "arn": "arn:aws:iam::925047940866:role/ian-ex-AmazonCodePipelineService-Role",
            "assume_role_policy": "{\"Statement\":[{\"Action\":\"sts:AssumeRole\",\"Effect\":\"Allow\",\"Principal\":{\"Service\":\"codepipeline.amazonaws.com\"}}],\"Version\":\"2012-10-17\"}",
            "create_date": "2026-09-22T00:07:58Z",
            "description": "",
            "force_detach_policies": false,
            "id": "ian-ex-AmazonCodePipelineService-Role",
            "inline_policy": [],
            "managed_policy_arns": [],
            "max_session_duration": 3600,
            "name": "ian-ex-AmazonCodePipelineService-Role",
            "name_prefix": "",
            "path": "/",
            "permissions_boundary": "",
            "tags": null,
            "tags_all": {},
            "unique_id": "AROA5OYJHM4BN7XCYTVGD"
          },
          "sensitive_attributes": [],
          "identity_schema_version": 0,
          "identity": {
            "account_id": "925047940866",
            "name": "ian-ex-AmazonCodePipelineService-Role"
          },
          "private": "bnVsbA=="
        }
      ]
    },
    {
      "mode": "managed",
      "type": "aws_iam_role",
      "name": "node_role_asg",
      "provider": "provider[\"registry.terraform.io/hashicorp/aws\"]",
      "instances": [
        {
          "schema_version": 0,
          "attributes": {
            "arn": "arn:aws:iam::925047940866:role/ian-ex-AmazonASGNodeEC2-Role",
            "assume_role_policy": "{\"Statement\":[{\"Action\":\"sts:AssumeRole\",\"Effect\":\"Allow\",\"Principal\":{\"Service\":\"ec2.amazonaws.com\"}}],\"Version\":\"2012-10-17\"}",
            "create_date": "2026-09-22T00:07:58Z",
            "description": "",
            "force_detach_policies": false,
            "id": "ian-ex-AmazonASGNodeEC2-Role",
            "inline_policy": [],
            "managed_policy_arns": [],
            "max_session_duration": 3600,
            "name": "ian-ex-AmazonASGNodeEC2-Role",
            "name_prefix": "",
            "path": "/",
            "permissions_boundary": "",
            "tags": null,
            "tags_all": {},
            "unique_id": "AROA5OYJHM4BOBAZJKK7W"
          },
          "sensitive_attributes": [],
          "identity_schema_version": 0,
          "identity": {
            "account_id": "925047940866",
            "name": "ian-ex-AmazonASGNodeEC2-Role"
          },
          "private": "bnVsbA=="
        }
      ]
    },
    {
      "mode": "managed",
      "type": "aws_iam_role_policy",
      "name": "codepipeline_policy",
      "provider": "provider[\"registry.terraform.io/hashicorp/aws\"]",
      "instances": [
        {
          "schema_version": 0,
          "attributes": {
            "id": "ian-ex-AmazonCodePipelineService-Role:ian-ex-CodePipelineServicePolicy",
            "name": "ian-ex-CodePipelineServicePolicy",
            "name_prefix": "",
            "policy": "{\"Version\":\"2012-10-17\",\"Statement\":[{\"Action\":[\"s3:GetObject\",\"s3:PutObjectAcl\",\"s3:GetObjectVersion\",\"s3:GetBucketVersioning\",\"s3:PutObject\"],\"Effect\":\"Allow\",\"Resource\":\"*\"},{\"Action\":[\"codebuild:BatchGetBuilds\",\"codebuild:StartBuild\"],\"Effect\":\"Allow\",\"Resource\":\"*\"},{\"Action\":[\"codedeploy:CreateDeployment\",\"codedeploy:GetApplication\",\"codedeploy:GetApplicationRevision\",\"codedeploy:GetDeployment\",\"codedeploy:GetDeploymentConfig\",\"codedeploy:RegisterApplicationRevision\"],\"Effect\":\"Allow\",\"Resource\":\"*\"}]}",
            "role": "ian-ex-AmazonCodePipelineService-Role"
          },
          "sensitive_attributes": [],
          "identity_schema_version": 0,
          "identity": {
            "account_id": "925047940866",
            "name": "ian-ex-CodePipelineServicePolicy",
            "role": "ian-ex-AmazonCodePipelineService-Role"
          },
          "private": "bnVsbA==",
          "dependencies": [
            "aws_iam_role.codepipeline_role"
          ]
        }
      ]
    },
    {
      "mode": "managed",
      "type": "aws_iam_role_policy_attachment",
      "name": "codedeploy_policy",
      "provider": "provider[\"registry.terraform.io/hashicorp/aws\"]",
      "instances": [
        {
          "schema_version": 0,
          "attributes": {
            "id": "ian-ex-AmazonCodeDeployService-Role/arn:aws:iam::aws:policy/service-role/AWSCodeDeployRole",
            "policy_arn": "arn:aws:iam::aws:policy/service-role/AWSCodeDeployRole",
            "role": "ian-ex-AmazonCodeDeployService-Role"
          },
          "sensitive_attributes": [],
          "identity_schema_version": 0,
          "identity": {
            "account_id": "925047940866",
            "policy_arn": "arn:aws:iam::aws:policy/service-role/AWSCodeDeployRole",
            "role": "ian-ex-AmazonCodeDeployService-Role"
          },
          "private": "bnVsbA==",
          "dependencies": [
            "aws_iam_role.codedeploy_role"
          ]
        }
      ]
    },
    {
      "mode": "managed",
      "type": "aws_iam_role_policy_attachment",
      "name": "node_policies_asg",
      "provider": "provider[\"registry.terraform.io/hashicorp/aws\"]",
      "instances": [
        {
          "index_key": "arn:aws:iam::aws:policy/AmazonEC2ContainerRegistryReadOnly",
          "schema_version": 0,
          "attributes": {
            "id": "ian-ex-AmazonASGNodeEC2-Role/arn:aws:iam::aws:policy/AmazonEC2ContainerRegistryReadOnly",
            "policy_arn": "arn:aws:iam::aws:policy/AmazonEC2ContainerRegistryReadOnly",
            "role": "ian-ex-AmazonASGNodeEC2-Role"
          },
          "sensitive_attributes": [],
          "identity_schema_version": 0,
          "identity": {
            "account_id": "925047940866",
            "policy_arn": "arn:aws:iam::aws:policy/AmazonEC2ContainerRegistryReadOnly",
            "role": "ian-ex-AmazonASGNodeEC2-Role"
          },
          "private": "bnVsbA==",
          "dependencies": [
            "aws_iam_role.node_role_asg"
          ]
        },
        {
          "index_key": "arn:aws:iam::aws:policy/AmazonS3ReadOnlyAccess",
          "schema_version": 0,
          "attributes": {
            "id": "ian-ex-AmazonASGNodeEC2-Role/arn:aws:iam::aws:policy/AmazonS3ReadOnlyAccess",
            "policy_arn": "arn:aws:iam::aws:policy/AmazonS3ReadOnlyAccess",
            "role": "ian-ex-AmazonASGNodeEC2-Role"
          },
          "sensitive_attributes": [],
          "identity_schema_version": 0,
          "identity": {
            "account_id": "925047940866",
            "policy_arn": "arn:aws:iam::aws:policy/AmazonS3ReadOnlyAccess",
            "role": "ian-ex-AmazonASGNodeEC2-Role"
          },
          "private": "bnVsbA==",
          "dependencies": [
            "aws_iam_role.node_role_asg"
          ]
        },
        {
          "index_key": "arn:aws:iam::aws:policy/AmazonSSMManagedInstanceCore",
          "schema_version": 0,
          "attributes": {
            "id": "ian-ex-AmazonASGNodeEC2-Role/arn:aws:iam::aws:policy/AmazonSSMManagedInstanceCore",
            "policy_arn": "arn:aws:iam::aws:policy/AmazonSSMManagedInstanceCore",
            "role": "ian-ex-AmazonASGNodeEC2-Role"
          },
          "sensitive_attributes": [],
          "identity_schema_version": 0,
          "identity": {
            "account_id": "925047940866",
            "policy_arn": "arn:aws:iam::aws:policy/AmazonSSMManagedInstanceCore",
            "role": "ian-ex-AmazonASGNodeEC2-Role"
          },
          "private": "bnVsbA==",
          "dependencies": [
            "aws_iam_role.node_role_asg"
          ]
        }
      ]
    },
    {
      "mode": "managed",
      "type": "aws_launch_template",
      "name": "asg_lt",
      "provider": "provider[\"registry.terraform.io/hashicorp/aws\"]",
      "instances": [
        {
          "schema_version": 1,
          "attributes": {
            "arn": "arn:aws:ec2:ap-south-1:925047940866:launch-template/lt-02d1528897b0c7a1e",
            "block_device_mappings": [],
            "capacity_reservation_specification": [],
            "cpu_options": [],
            "credit_specification": [],
            "default_version": 1,
            "description": "",
            "disable_api_stop": false,
            "disable_api_termination": false,
            "ebs_optimized": "",
            "enclave_options": [],
            "hibernation_options": [],
            "iam_instance_profile": [
              {
                "arn": "",
                "name": "ian-ex-ASGNodeInstance-profile"
              }
            ],
            "id": "lt-02d1528897b0c7a1e",
            "image_id": "ami-066c4849e6b3a1e3d",
            "instance_initiated_shutdown_behavior": "",
            "instance_market_options": [],
            "instance_requirements": [],
            "instance_type": "t3.small",
            "kernel_id": "",
            "key_name": "ian-key-pair",
            "latest_version": 1,
            "license_specification": [],
            "maintenance_options": [],
            "metadata_options": [],
            "monitoring": [],
            "name": "ian-ex--72df331634b0438ddf6206ef19",
            "name_prefix": "ian-ex--",
            "network_interfaces": [],
            "network_performance_options": [],
            "placement": [],
            "private_dns_name_options": [],
            "ram_disk_id": "",
            "region": "ap-south-1",
            "secondary_interfaces": [],
            "security_group_names": null,
            "tag_specifications": [
              {
                "resource_type": "instance",
                "tags": {
                  "Name": "ian-ex-asg-node-instance"
                }
              }
            ],
            "tags": null,
            "tags_all": {},
            "update_default_version": true,
            "user_data": "IyEvYmluL2Jhc2gKZG5mIHVwZGF0ZSAteQojIHJ1Ynk6IENvZGVEZXBsb3nshJzruYTsiqQg6rCc67CcIOyWuOyWtCwgY29kZWRlcGxveS1hZ2VudCDshKTsuZjrpbwg7JyE7ZW0IOuwmOuTnOyLnCDtlYTsmpQKZG5mIGluc3RhbGwgLXkgcnVieSB3Z2V0IGRvY2tlcgoKc3lzdGVtY3RsIHN0YXJ0IGRvY2tlcgpzeXN0ZW1jdGwgZW5hYmxlIGRvY2tlcgp1c2VybW9kIC1hRyBkb2NrZXIgZWMyLXVzZXIKCmNkIC90bXAKd2dldCBodHRwczovL2F3cy1jb2RlZGVwbG95LWFwLXNvdXRoLTEuczMuYXAtc291dGgtMS5hbWF6b25hd3MuY29tL2xhdGVzdC9pbnN0YWxsCmNobW9kICt4IC4vaW5zdGFsbAouL2luc3RhbGwgYXV0bwoKc3lzdGVtY3RsIHN0YXJ0IGNvZGVkZXBsb3ktYWdlbnQKc3lzdGVtY3RsIGVuYWJsZSBjb2RlZGVwbG95LWFnZW50Cg==",
            "vpc_security_group_ids": [
              "sg-07eaf31d48d4e2e15"
            ]
          },
          "sensitive_attributes": [],
          "identity_schema_version": 0,
          "identity": {
            "account_id": "925047940866",
            "id": "lt-02d1528897b0c7a1e",
            "region": "ap-south-1"
          },
          "private": "eyJzY2hlbWFfdmVyc2lvbiI6IjEifQ==",
          "dependencies": [
            "aws_iam_instance_profile.node_profile_asg",
            "aws_iam_role.node_role_asg",
            "data.aws_ami.al2023",
            "data.aws_security_groups.secruity_groups"
          ]
        }
      ]
    },
    {
      "mode": "managed",
      "type": "aws_s3_bucket",
      "name": "pipeline_bucket",
      "provider": "provider[\"registry.terraform.io/hashicorp/aws\"]",
      "instances": [
        {
          "schema_version": 0,
          "attributes": {
            "acceleration_status": "",
            "acl": null,
            "arn": "arn:aws:s3:::ian-ex-pipeline-bucket-f7eb96b4",
            "bucket": "ian-ex-pipeline-bucket-f7eb96b4",
            "bucket_domain_name": "ian-ex-pipeline-bucket-f7eb96b4.s3.amazonaws.com",
            "bucket_namespace": "global",
            "bucket_prefix": "",
            "bucket_region": "ap-south-1",
            "bucket_regional_domain_name": "ian-ex-pipeline-bucket-f7eb96b4.s3.ap-south-1.amazonaws.com",
            "cors_rule": [],
            "force_destroy": true,
            "grant": [
              {
                "id": "48a4998ee9dbb8c9838542304e2045249588229286098a2fe5cd3251eb0d4502",
                "permissions": [
                  "FULL_CONTROL"
                ],
                "type": "CanonicalUser",
                "uri": ""
              }
            ],
            "hosted_zone_id": "Z11RGJOFQNVJUP",
            "id": "ian-ex-pipeline-bucket-f7eb96b4",
            "lifecycle_rule": [],
            "logging": [],
            "object_lock_configuration": [],
            "object_lock_enabled": false,
            "policy": "",
            "region": "ap-south-1",
            "replication_configuration": [],
            "request_payer": "BucketOwner",
            "server_side_encryption_configuration": [
              {
                "rule": [
                  {
                    "apply_server_side_encryption_by_default": [
                      {
                        "kms_master_key_id": "",
                        "sse_algorithm": "AES256"
                      }
                    ],
                    "bucket_key_enabled": false
                  }
                ]
              }
            ],
            "tags": {
              "Name": "ian-ex-pipeline-bucket-f7eb96b4"
            },
            "tags_all": {
              "Name": "ian-ex-pipeline-bucket-f7eb96b4"
            },
            "timeouts": null,
            "versioning": [
              {
                "enabled": false,
                "mfa_delete": false
              }
            ],
            "website": [],
            "website_domain": null,
            "website_endpoint": null
          },
          "sensitive_attributes": [],
          "identity_schema_version": 0,
          "identity": {
            "account_id": "925047940866",
            "bucket": "ian-ex-pipeline-bucket-f7eb96b4",
            "region": "ap-south-1"
          },
          "private": "eyJlMmJmYjczMC1lY2FhLTExZTYtOGY4OC0zNDM2M2JjN2M0YzAiOnsiY3JlYXRlIjoxMjAwMDAwMDAwMDAwLCJkZWxldGUiOjM2MDAwMDAwMDAwMDAsInJlYWQiOjEyMDAwMDAwMDAwMDAsInVwZGF0ZSI6MTIwMDAwMDAwMDAwMH19",
          "dependencies": [
            "random_id.bucket_suffic"
          ]
        }
      ]
    },
    {
      "mode": "managed",
      "type": "aws_s3_bucket_public_access_block",
      "name": "pipeline_bucket_public_access",
      "provider": "provider[\"registry.terraform.io/hashicorp/aws\"]",
      "instances": [
        {
          "schema_version": 0,
          "attributes": {
            "block_public_acls": true,
            "block_public_policy": true,
            "bucket": "ian-ex-pipeline-bucket-f7eb96b4",
            "id": "ian-ex-pipeline-bucket-f7eb96b4",
            "ignore_public_acls": true,
            "region": "ap-south-1",
            "restrict_public_buckets": true,
            "skip_destroy": null
          },
          "sensitive_attributes": [],
          "identity_schema_version": 0,
          "identity": {
            "account_id": "925047940866",
            "bucket": "ian-ex-pipeline-bucket-f7eb96b4",
            "region": "ap-south-1"
          },
          "private": "bnVsbA==",
          "dependencies": [
            "aws_s3_bucket.pipeline_bucket",
            "random_id.bucket_suffic"
          ]
        }
      ]
    },
    {
      "mode": "managed",
      "type": "aws_s3_bucket_server_side_encryption_configuration",
      "name": "pipeline_bucket_encryption",
      "provider": "provider[\"registry.terraform.io/hashicorp/aws\"]",
      "instances": [
        {
          "schema_version": 0,
          "attributes": {
            "bucket": "ian-ex-pipeline-bucket-f7eb96b4",
            "expected_bucket_owner": "",
            "id": "ian-ex-pipeline-bucket-f7eb96b4",
            "region": "ap-south-1",
            "rule": [
              {
                "apply_server_side_encryption_by_default": [
                  {
                    "kms_master_key_id": "",
                    "sse_algorithm": "AES256"
                  }
                ],
                "blocked_encryption_types": [
                  "SSE-C"
                ],
                "bucket_key_enabled": false
              }
            ]
          },
          "sensitive_attributes": [],
          "identity_schema_version": 1,
          "identity": {
            "account_id": "925047940866",
            "bucket": "ian-ex-pipeline-bucket-f7eb96b4",
            "region": "ap-south-1"
          },
          "private": "bnVsbA==",
          "dependencies": [
            "aws_s3_bucket.pipeline_bucket",
            "random_id.bucket_suffic"
          ]
        }
      ]
    },
    {
      "mode": "managed",
      "type": "aws_s3_bucket_versioning",
      "name": "pipeline_bucket_versioning",
      "provider": "provider[\"registry.terraform.io/hashicorp/aws\"]",
      "instances": [
        {
          "schema_version": 0,
          "attributes": {
            "bucket": "ian-ex-pipeline-bucket-f7eb96b4",
            "expected_bucket_owner": "",
            "id": "ian-ex-pipeline-bucket-f7eb96b4",
            "mfa": null,
            "region": "ap-south-1",
            "versioning_configuration": [
              {
                "mfa_delete": "Disabled",
                "status": "Enabled"
              }
            ]
          },
          "sensitive_attributes": [],
          "identity_schema_version": 1,
          "identity": {
            "account_id": "925047940866",
            "bucket": "ian-ex-pipeline-bucket-f7eb96b4",
            "region": "ap-south-1"
          },
          "private": "bnVsbA==",
          "dependencies": [
            "aws_s3_bucket.pipeline_bucket",
            "random_id.bucket_suffic"
          ]
        }
      ]
    },
    {
      "mode": "managed",
      "type": "random_id",
      "name": "bucket_suffic",
      "provider": "provider[\"registry.terraform.io/hashicorp/random\"]",
      "instances": [
        {
          "schema_version": 0,
          "attributes": {
            "b64_std": "9+uWtA==",
            "b64_url": "9-uWtA",
            "byte_length": 4,
            "dec": "4159411892",
            "hex": "f7eb96b4",
            "id": "9-uWtA",
            "keepers": null,
            "prefix": null
          },
          "sensitive_attributes": [],
          "identity_schema_version": 0
        }
      ]
    }
  ],
  "check_results": null
}
